
Microsoft Visual Studio Solution File, Format Version 12.00
# Visual Studio 2012
Project("{FAE04EC0-301F-11D3-BF4B-00C04F79EFBC}") = "EasyUIDemo.MVC", "EasyUIDemo.MVC\EasyUIDemo.MVC.csproj", "{E3FB50FA-2512-4DC3-9CF5-B3E5A626DDE6}"
EndProject
Project("{FAE04EC0-301F-11D3-BF4B-00C04F79EFBC}") = "EasyUIDemo.Model", "EasyUIDemo.Model\EasyUIDemo.Model.csproj", "{EDCC06EC-F964-49E3-B0EB-D096C6A7D876}"
EndProject
Project("{FAE04EC0-301F-11D3-BF4B-00C04F79EFBC}") = "Test.Model", "Test.Model\Test.Model.csproj", "{6958BAD4-A145-420C-877A-18C0E8CB98B7}"
EndProject
Project("{FAE04EC0-301F-11D3-BF4B-00C04F79EFBC}") = "EasyUIDemo.Tools", "EasyUIDemo.Tools\EasyUIDemo.Tools.csproj", "{42A0E66E-C60E-4651-97FA-2613CCC5E78D}"
EndProject
Project("{FAE04EC0-301F-11D3-BF4B-00C04F79EFBC}") = "EasyUIDemo.Utility", "EasyUIDemo.Utility\EasyUIDemo.Utility.csproj", "{C89878C3-13C1-4932-B2D9-F830FE14E03E}"
EndProject
Project("{FAE04EC0-301F-11D3-BF4B-00C04F79EFBC}") = "EasyUIDemo.UnitTest", "EasyUIDemo.UnitTest\EasyUIDemo.UnitTest.csproj", "{14D41FEA-75FD-4CF2-BBFA-174903B39FAD}"
EndProject
Project("{FAE04EC0-301F-11D3-BF4B-00C04F79EFBC}") = "EasyUIDemo.BLL", "EasyUIDemo.BLL\EasyUIDemo.BLL.csproj", "{1504398D-5F38-4B04-9578-E97ECC33B5D2}"
EndProject
Global
	GlobalSection(SolutionConfigurationPlatforms) = preSolution
		Debug|Any CPU = Debug|Any CPU
		Release|Any CPU = Release|Any CPU
	EndGlobalSection
	GlobalSection(ProjectConfigurationPlatforms) = postSolution
		{E3FB50FA-2512-4DC3-9CF5-B3E5A626DDE6}.Debug|Any CPU.ActiveCfg = Debug|Any CPU
		{E3FB50FA-2512-4DC3-9CF5-B3E5A626DDE6}.Debug|Any CPU.Build.0 = Debug|Any CPU
		{E3FB50FA-2512-4DC3-9CF5-B3E5A626DDE6}.Release|Any CPU.ActiveCfg = Release|Any CPU
		{E3FB50FA-2512-4DC3-9CF5-B3E5A626DDE6}.Release|Any CPU.Build.0 = Release|Any CPU
		{EDCC06EC-F964-49E3-B0EB-D096C6A7D876}.Debug|Any CPU.ActiveCfg = Debug|Any CPU
		{EDCC06EC-F964-49E3-B0EB-D096C6A7D876}.Debug|Any CPU.Build.0 = Debug|Any CPU
		{EDCC06EC-F964-49E3-B0EB-D096C6A7D876}.Release|Any CPU.ActiveCfg = Release|Any CPU
		{EDCC06EC-F964-49E3-B0EB-D096C6A7D876}.Release|Any CPU.Build.0 = Release|Any CPU
		{6958BAD4-A145-420C-877A-18C0E8CB98B7}.Debug|Any CPU.ActiveCfg = Debug|Any CPU
		{6958BAD4-A145-420C-877A-18C0E8CB98B7}.Debug|Any CPU.Build.0 = Debug|Any CPU
		{6958BAD4-A145-420C-877A-18C0E8CB98B7}.Release|Any CPU.ActiveCfg = Release|Any CPU
		{6958BAD4-A145-420C-877A-18C0E8CB98B7}.Release|Any CPU.Build.0 = Release|Any CPU
		{42A0E66E-C60E-4651-97FA-2613CCC5E78D}.Debug|Any CPU.ActiveCfg = Debug|Any CPU
		{42A0E66E-C60E-4651-97FA-2613CCC5E78D}.Debug|Any CPU.Build.0 = Debug|Any CPU
		{42A0E66E-C60E-4651-97FA-2613CCC5E78D}.Release|Any CPU.ActiveCfg = Release|Any CPU
		{42A0E66E-C60E-4651-97FA-2613CCC5E78D}.Release|Any CPU.Build.0 = Release|Any CPU
		{C89878C3-13C1-4932-B2D9-F830FE14E03E}.Debug|Any CPU.ActiveCfg = Debug|Any CPU
		{C89878C3-13C1-4932-B2D9-F830FE14E03E}.Debug|Any CPU.Build.0 = Debug|Any CPU
		{C89878C3-13C1-4932-B2D9-F830FE14E03E}.Release|Any CPU.ActiveCfg = Release|Any CPU
		{C89878C3-13C1-4932-B2D9-F830FE14E03E}.Release|Any CPU.Build.0 = Release|Any CPU
		{14D41FEA-75FD-4CF2-BBFA-174903B39FAD}.Debug|Any CPU.ActiveCfg = Debug|Any CPU
		{14D41FEA-75FD-4CF2-BBFA-174903B39FAD}.Debug|Any CPU.Build.0 = Debug|Any CPU
		{14D41FEA-75FD-4CF2-BBFA-174903B39FAD}.Release|Any CPU.ActiveCfg = Release|Any CPU
		{14D41FEA-75FD-4CF2-BBFA-174903B39FAD}.Release|Any CPU.Build.0 = Release|Any CPU
		{1504398D-5F38-4B04-9578-E97ECC33B5D2}.Debug|Any CPU.ActiveCfg = Debug|Any CPU
		{1504398D-5F38-4B04-9578-E97ECC33B5D2}.Debug|Any CPU.Build.0 = Debug|Any CPU
		{1504398D-5F38-4B04-9578-E97ECC33B5D2}.Release|Any CPU.ActiveCfg = Release|Any CPU
		{1504398D-5F38-4B04-9578-E97ECC33B5D2}.Release|Any CPU.Build.0 = Release|Any CPU
	EndGlobalSection
	GlobalSection(SolutionProperties) = preSolution
		HideSolutionNode = FALSE
	EndGlobalSection
EndGlobal
